
Microsoft Visual Studio Solution File, Format Version 12.00
# Visual Studio Version 17
VisualStudioVersion = 17.14.36109.1 d17.14
MinimumVisualStudioVersion = 10.0.40219.1
Project("{FAE04EC0-301F-11D3-BF4B-00C04F79EFBC}") = "ConsoleApp1", "ConsoleApp1\ConsoleApp1.csproj", "{9BCADD8E-0C62-4578-9BE2-47D4BEE3C3C5}"
EndProject
Global
	GlobalSection(SolutionConfigurationPlatforms) = preSolution
		Debug|Any CPU = Debug|Any CPU
		Release|Any CPU = Release|Any CPU
	EndGlobalSection
	GlobalSection(ProjectConfigurationPlatforms) = postSolution
		{9BCADD8E-0C62-4578-9BE2-47D4BEE3C3C5}.Debug|Any CPU.ActiveCfg = Debug|Any CPU
		{9BCADD8E-0C62-4578-9BE2-47D4BEE3C3C5}.Debug|Any CPU.Build.0 = Debug|Any CPU
		{9BCADD8E-0C62-4578-9BE2-47D4BEE3C3C5}.Release|Any CPU.ActiveCfg = Release|Any CPU
		{9BCADD8E-0C62-4578-9BE2-47D4BEE3C3C5}.Release|Any CPU.Build.0 = Release|Any CPU
	EndGlobalSection
	GlobalSection(SolutionProperties) = preSolution
		HideSolutionNode = FALSE
	EndGlobalSection
	GlobalSection(ExtensibilityGlobals) = postSolution
		SolutionGuid = {EC9093A9-6390-4D27-87DF-1E27A0D1A5C2}
	EndGlobalSection
EndGlobal
